
Microsoft Visual Studio Solution File, Format Version 12.00
# Visual Studio Version 17
VisualStudioVersion = 17.13.35825.156
MinimumVisualStudioVersion = 10.0.40219.1
Project("{FAE04EC0-301F-11D3-BF4B-00C04F79EFBC}") = "DXApplication", "DXApplication\DXApplication.csproj", "{E8B462FA-E5CB-4092-9A3B-E1A82A21D229}"
EndProject
Project("{FAE04EC0-301F-11D3-BF4B-00C04F79EFBC}") = "TestProjectNuinit", "TestProjectNuinit\TestProjectNuinit.csproj", "{AD17C856-3086-42FC-96C1-508B1C8D9BD9}"
EndProject
Global
	GlobalSection(SolutionConfigurationPlatforms) = preSolution
		Debug|Any CPU = Debug|Any CPU
		Release|Any CPU = Release|Any CPU
	EndGlobalSection
	GlobalSection(ProjectConfigurationPlatforms) = postSolution
		{E8B462FA-E5CB-4092-9A3B-E1A82A21D229}.Debug|Any CPU.ActiveCfg = Debug|Any CPU
		{E8B462FA-E5CB-4092-9A3B-E1A82A21D229}.Debug|Any CPU.Build.0 = Debug|Any CPU
		{E8B462FA-E5CB-4092-9A3B-E1A82A21D229}.Release|Any CPU.ActiveCfg = Release|Any CPU
		{E8B462FA-E5CB-4092-9A3B-E1A82A21D229}.Release|Any CPU.Build.0 = Release|Any CPU
		{AD17C856-3086-42FC-96C1-508B1C8D9BD9}.Debug|Any CPU.ActiveCfg = Debug|Any CPU
		{AD17C856-3086-42FC-96C1-508B1C8D9BD9}.Debug|Any CPU.Build.0 = Debug|Any CPU
		{AD17C856-3086-42FC-96C1-508B1C8D9BD9}.Release|Any CPU.ActiveCfg = Release|Any CPU
		{AD17C856-3086-42FC-96C1-508B1C8D9BD9}.Release|Any CPU.Build.0 = Release|Any CPU
	EndGlobalSection
	GlobalSection(SolutionProperties) = preSolution
		HideSolutionNode = FALSE
	EndGlobalSection
EndGlobal
