
Microsoft Visual Studio Solution File, Format Version 12.00
# Visual Studio Version 17
VisualStudioVersion = 17.13.35825.156 d17.13
MinimumVisualStudioVersion = 10.0.40219.1
Project("{FAE04EC0-301F-11D3-BF4B-00C04F79EFBC}") = "ConsoleApp", "ConsoleApp.csproj", "{7123AA19-4EE5-43A8-83DC-BE27DA10AF2F}"
EndProject
Project("{FAE04EC0-301F-11D3-BF4B-00C04F79EFBC}") = "TestProject1", "..\TestProject1\TestProject1.csproj", "{E7F4C37A-BDA4-4E16-8C08-2D4459010A31}"
EndProject
Global
	GlobalSection(SolutionConfigurationPlatforms) = preSolution
		Debug|Any CPU = Debug|Any CPU
		Release|Any CPU = Release|Any CPU
	EndGlobalSection
	GlobalSection(ProjectConfigurationPlatforms) = postSolution
		{7123AA19-4EE5-43A8-83DC-BE27DA10AF2F}.Debug|Any CPU.ActiveCfg = Debug|Any CPU
		{7123AA19-4EE5-43A8-83DC-BE27DA10AF2F}.Debug|Any CPU.Build.0 = Debug|Any CPU
		{7123AA19-4EE5-43A8-83DC-BE27DA10AF2F}.Release|Any CPU.ActiveCfg = Release|Any CPU
		{7123AA19-4EE5-43A8-83DC-BE27DA10AF2F}.Release|Any CPU.Build.0 = Release|Any CPU
		{E7F4C37A-BDA4-4E16-8C08-2D4459010A31}.Debug|Any CPU.ActiveCfg = Debug|Any CPU
		{E7F4C37A-BDA4-4E16-8C08-2D4459010A31}.Debug|Any CPU.Build.0 = Debug|Any CPU
		{E7F4C37A-BDA4-4E16-8C08-2D4459010A31}.Release|Any CPU.ActiveCfg = Release|Any CPU
		{E7F4C37A-BDA4-4E16-8C08-2D4459010A31}.Release|Any CPU.Build.0 = Release|Any CPU
	EndGlobalSection
	GlobalSection(SolutionProperties) = preSolution
		HideSolutionNode = FALSE
	EndGlobalSection
	GlobalSection(ExtensibilityGlobals) = postSolution
		SolutionGuid = {755D4D03-4724-4B7C-855A-1EB688645B4A}
	EndGlobalSection
EndGlobal
